// !$*UTF8*$!
{
	archiveVersion = 1;
	classes = {
	};
	objectVersion = 50;
	objects = {

/* Begin PBXBuildFile section */
		5152132D2539B90200458085 /* VStack_Layout_ExamplesApp.swift in Sources */ = {isa = PBXBuildFile; fileRef = 5152132C2539B90200458085 /* VStack_Layout_ExamplesApp.swift */; };
		5152132F2539B90200458085 /* ContentView.swift in Sources */ = {isa = PBXBuildFile; fileRef = 5152132E2539B90200458085 /* ContentView.swift */; };
		515213312539B90500458085 /* Assets.xcassets in Resources */ = {isa = PBXBuildFile; fileRef = 515213302539B90500458085 /* Assets.xcassets */; };
		515213342539B90500458085 /* Preview Assets.xcassets in Resources */ = {isa = PBXBuildFile; fileRef = 515213332539B90500458085 /* Preview Assets.xcassets */; };
		5152133D2539BA7100458085 /* VStackWithDefaultView.swift in Sources */ = {isa = PBXBuildFile; fileRef = 5152133C2539BA7100458085 /* VStackWithDefaultView.swift */; };
		515213402539C94A00458085 /* LeadingAlignmentView.swift in Sources */ = {isa = PBXBuildFile; fileRef = 5152133F2539C94A00458085 /* LeadingAlignmentView.swift */; };
		515213432539CA0E00458085 /* CenterAlignmentView.swift in Sources */ = {isa = PBXBuildFile; fileRef = 515213422539CA0E00458085 /* CenterAlignmentView.swift */; };
		515213462539CA4000458085 /* TrailingAlignmentView.swift in Sources */ = {isa = PBXBuildFile; fileRef = 515213452539CA4000458085 /* TrailingAlignmentView.swift */; };
/* End PBXBuildFile section */

/* Begin PBXFileReference section */
		515213292539B90200458085 /* VStack Layout Examples.app */ = {isa = PBXFileReference; explicitFileType = wrapper.application; includeInIndex = 0; path = "VStack Layout Examples.app"; sourceTree = BUILT_PRODUCTS_DIR; };
		5152132C2539B90200458085 /* VStack_Layout_ExamplesApp.swift */ = {isa = PBXFileReference; lastKnownFileType = sourcecode.swift; path = VStack_Layout_ExamplesApp.swift; sourceTree = "<group>"; };
		5152132E2539B90200458085 /* ContentView.swift */ = {isa = PBXFileReference; lastKnownFileType = sourcecode.swift; path = ContentView.swift; sourceTree = "<group>"; };
		515213302539B90500458085 /* Assets.xcassets */ = {isa = PBXFileReference; lastKnownFileType = folder.assetcatalog; path = Assets.xcassets; sourceTree = "<group>"; };
		515213332539B90500458085 /* Preview Assets.xcassets */ = {isa = PBXFileReference; lastKnownFileType = folder.assetcatalog; path = "Preview Assets.xcassets"; sourceTree = "<group>"; };
		515213352539B90500458085 /* Info.plist */ = {isa = PBXFileReference; lastKnownFileType = text.plist.xml; path = Info.plist; sourceTree = "<group>"; };
		5152133C2539BA7100458085 /* VStackWithDefaultView.swift */ = {isa = PBXFileReference; lastKnownFileType = sourcecode.swift; path = VStackWithDefaultView.swift; sourceTree = "<group>"; };
		5152133F2539C94A00458085 /* LeadingAlignmentView.swift */ = {isa = PBXFileReference; lastKnownFileType = sourcecode.swift; path = LeadingAlignmentView.swift; sourceTree = "<group>"; };
		515213422539CA0E00458085 /* CenterAlignmentView.swift */ = {isa = PBXFileReference; lastKnownFileType = sourcecode.swift; path = CenterAlignmentView.swift; sourceTree = "<group>"; };
		515213452539CA4000458085 /* TrailingAlignmentView.swift */ = {isa = PBXFileReference; lastKnownFileType = sourcecode.swift; path = TrailingAlignmentView.swift; sourceTree = "<group>"; };
/* End PBXFileReference section */

/* Begin PBXFrameworksBuildPhase section */
		515213262539B90200458085 /* Frameworks */ = {
			isa = PBXFrameworksBuildPhase;
			buildActionMask = 2147483647;
			files = (
			);
			runOnlyForDeploymentPostprocessing = 0;
		};
/* End PBXFrameworksBuildPhase section */

/* Begin PBXGroup section */
		515213202539B90200458085 = {
			isa = PBXGroup;
			children = (
				5152132B2539B90200458085 /* VStack Layout Examples */,
				5152132A2539B90200458085 /* Products */,
			);
			sourceTree = "<group>";
		};
		5152132A2539B90200458085 /* Products */ = {
			isa = PBXGroup;
			children = (
				515213292539B90200458085 /* VStack Layout Examples.app */,
			);
			name = Products;
			sourceTree = "<group>";
		};
		5152132B2539B90200458085 /* VStack Layout Examples */ = {
			isa = PBXGroup;
			children = (
				5152132C2539B90200458085 /* VStack_Layout_ExamplesApp.swift */,
				5152132E2539B90200458085 /* ContentView.swift */,
				5152133C2539BA7100458085 /* VStackWithDefaultView.swift */,
				5152133F2539C94A00458085 /* LeadingAlignmentView.swift */,
				515213422539CA0E00458085 /* CenterAlignmentView.swift */,
				515213452539CA4000458085 /* TrailingAlignmentView.swift */,
				515213302539B90500458085 /* Assets.xcassets */,
				515213352539B90500458085 /* Info.plist */,
				515213322539B90500458085 /* Preview Content */,
			);
			path = "VStack Layout Examples";
			sourceTree = "<group>";
		};
		515213322539B90500458085 /* Preview Content */ = {
			isa = PBXGroup;
			children = (
				515213332539B90500458085 /* Preview Assets.xcassets */,
			);
			path = "Preview Content";
			sourceTree = "<group>";
		};
/* End PBXGroup section */

/* Begin PBXNativeTarget section */
		515213282539B90200458085 /* VStack Layout Examples */ = {
			isa = PBXNativeTarget;
			buildConfigurationList = 515213382539B90500458085 /* Build configuration list for PBXNativeTarget "VStack Layout Examples" */;
			buildPhases = (
				515213252539B90200458085 /* Sources */,
				515213262539B90200458085 /* Frameworks */,
				515213272539B90200458085 /* Resources */,
			);
			buildRules = (
			);
			dependencies = (
			);
			name = "VStack Layout Examples";
			productName = "VStack Layout Examples";
			productReference = 515213292539B90200458085 /* VStack Layout Examples.app */;
			productType = "com.apple.product-type.application";
		};
/* End PBXNativeTarget section */

/* Begin PBXProject section */
		515213212539B90200458085 /* Project object */ = {
			isa = PBXProject;
			attributes = {
				LastSwiftUpdateCheck = 1210;
				LastUpgradeCheck = 1210;
				TargetAttributes = {
					515213282539B90200458085 = {
						CreatedOnToolsVersion = 12.1;
					};
				};
			};
			buildConfigurationList = 515213242539B90200458085 /* Build configuration list for PBXProject "VStack Layout Examples" */;
			compatibilityVersion = "Xcode 9.3";
			developmentRegion = en;
			hasScannedForEncodings = 0;
			knownRegions = (
				en,
				Base,
			);
			mainGroup = 515213202539B90200458085;
			productRefGroup = 5152132A2539B90200458085 /* Products */;
			projectDirPath = "";
			projectRoot = "";
			targets = (
				515213282539B90200458085 /* VStack Layout Examples */,
			);
		};
/* End PBXProject section */

/* Begin PBXResourcesBuildPhase section */
		515213272539B90200458085 /* Resources */ = {
			isa = PBXResourcesBuildPhase;
			buildActionMask = 2147483647;
			files = (
				515213342539B90500458085 /* Preview Assets.xcassets in Resources */,
				515213312539B90500458085 /* Assets.xcassets in Resources */,
			);
			runOnlyForDeploymentPostprocessing = 0;
		};
/* End PBXResourcesBuildPhase section */

/* Begin PBXSourcesBuildPhase section */
		515213252539B90200458085 /* Sources */ = {
			isa = PBXSourcesBuildPhase;
			buildActionMask = 2147483647;
			files = (
				5152132F2539B90200458085 /* ContentView.swift in Sources */,
				5152133D2539BA7100458085 /* VStackWithDefaultView.swift in Sources */,
				515213462539CA4000458085 /* TrailingAlignmentView.swift in Sources */,
				5152132D2539B90200458085 /* VStack_Layout_ExamplesApp.swift in Sources */,
				515213432539CA0E00458085 /* CenterAlignmentView.swift in Sources */,
				515213402539C94A00458085 /* LeadingAlignmentView.swift in Sources */,
			);
			runOnlyForDeploymentPostprocessing = 0;
		};
/* End PBXSourcesBuildPhase section */

/* Begin XCBuildConfiguration section */
		515213362539B90500458085 /* Debug */ = {
			isa = XCBuildConfiguration;
			buildSettings = {
				ALWAYS_SEARCH_USER_PATHS = NO;
				CLANG_ANALYZER_NONNULL = YES;
				CLANG_ANALYZER_NUMBER_OBJECT_CONVERSION = YES_AGGRESSIVE;
				CLANG_CXX_LANGUAGE_STANDARD = "gnu++14";
				CLANG_CXX_LIBRARY = "libc++";
				CLANG_ENABLE_MODULES = YES;
				CLANG_ENABLE_OBJC_ARC = YES;
				CLANG_ENABLE_OBJC_WEAK = YES;
				CLANG_WARN_BLOCK_CAPTURE_AUTORELEASING = YES;
				CLANG_WARN_BOOL_CONVERSION = YES;
				CLANG_WARN_COMMA = YES;
				CLANG_WARN_CONSTANT_CONVERSION = YES;
				CLANG_WARN_DEPRECATED_OBJC_IMPLEMENTATIONS = YES;
				CLANG_WARN_DIRECT_OBJC_ISA_USAGE = YES_ERROR;
				CLANG_WARN_DOCUMENTATION_COMMENTS = YES;
				CLANG_WARN_EMPTY_BODY = YES;
				CLANG_WARN_ENUM_CONVERSION = YES;
				CLANG_WARN_INFINITE_RECURSION = YES;
				CLANG_WARN_INT_CONVERSION = YES;
				CLANG_WARN_NON_LITERAL_NULL_CONVERSION = YES;
				CLANG_WARN_OBJC_IMPLICIT_RETAIN_SELF = YES;
				CLANG_WARN_OBJC_LITERAL_CONVERSION = YES;
				CLANG_WARN_OBJC_ROOT_CLASS = YES_ERROR;
				CLANG_WARN_QUOTED_INCLUDE_IN_FRAMEWORK_HEADER = YES;
				CLANG_WARN_RANGE_LOOP_ANALYSIS = YES;
				CLANG_WARN_STRICT_PROTOTYPES = YES;
				CLANG_WARN_SUSPICIOUS_MOVE = YES;
				CLANG_WARN_UNGUARDED_AVAILABILITY = YES_AGGRESSIVE;
				CLANG_WARN_UNREACHABLE_CODE = YES;
				CLANG_WARN__DUPLICATE_METHOD_MATCH = YES;
				COPY_PHASE_STRIP = NO;
				DEBUG_INFORMATION_FORMAT = dwarf;
				ENABLE_STRICT_OBJC_MSGSEND = YES;
				ENABLE_TESTABILITY = YES;
				GCC_C_LANGUAGE_STANDARD = gnu11;
				GCC_DYNAMIC_NO_PIC = NO;
				GCC_NO_COMMON_BLOCKS = YES;
				GCC_OPTIMIZATION_LEVEL = 0;
				GCC_PREPROCESSOR_DEFINITIONS = (
					"DEBUG=1",
					"$(inherited)",
				);
				GCC_WARN_64_TO_32_BIT_CONVERSION = YES;
				GCC_WARN_ABOUT_RETURN_TYPE = YES_ERROR;
				GCC_WARN_UNDECLARED_SELECTOR = YES;
				GCC_WARN_UNINITIALIZED_AUTOS = YES_AGGRESSIVE;
				GCC_WARN_UNUSED_FUNCTION = YES;
				GCC_WARN_UNUSED_VARIABLE = YES;
				IPHONEOS_DEPLOYMENT_TARGET = 14.1;
				MTL_ENABLE_DEBUG_INFO = INCLUDE_SOURCE;
				MTL_FAST_MATH = YES;
				ONLY_ACTIVE_ARCH = YES;
				SDKROOT = iphoneos;
				SWIFT_ACTIVE_COMPILATION_CONDITIONS = DEBUG;
				SWIFT_OPTIMIZATION_LEVEL = "-Onone";
			};
			name = Debug;
		};
		515213372539B90500458085 /* Release */ = {
			isa = XCBuildConfiguration;
			buildSettings = {
				ALWAYS_SEARCH_USER_PATHS = NO;
				CLANG_ANALYZER_NONNULL = YES;
				CLANG_ANALYZER_NUMBER_OBJECT_CONVERSION = YES_AGGRESSIVE;
				CLANG_CXX_LANGUAGE_STANDARD = "gnu++14";
				CLANG_CXX_LIBRARY = "libc++";
				CLANG_ENABLE_MODULES = YES;
				CLANG_ENABLE_OBJC_ARC = YES;
				CLANG_ENABLE_OBJC_WEAK = YES;
				CLANG_WARN_BLOCK_CAPTURE_AUTORELEASING = YES;
				CLANG_WARN_BOOL_CONVERSION = YES;
				CLANG_WARN_COMMA = YES;
				CLANG_WARN_CONSTANT_CONVERSION = YES;
				CLANG_WARN_DEPRECATED_OBJC_IMPLEMENTATIONS = YES;
				CLANG_WARN_DIRECT_OBJC_ISA_USAGE = YES_ERROR;
				CLANG_WARN_DOCUMENTATION_COMMENTS = YES;
				CLANG_WARN_EMPTY_BODY = YES;
				CLANG_WARN_ENUM_CONVERSION = YES;
				CLANG_WARN_INFINITE_RECURSION = YES;
				CLANG_WARN_INT_CONVERSION = YES;
				CLANG_WARN_NON_LITERAL_NULL_CONVERSION = YES;
				CLANG_WARN_OBJC_IMPLICIT_RETAIN_SELF = YES;
				CLANG_WARN_OBJC_LITERAL_CONVERSION = YES;
				CLANG_WARN_OBJC_ROOT_CLASS = YES_ERROR;
				CLANG_WARN_QUOTED_INCLUDE_IN_FRAMEWORK_HEADER = YES;
				CLANG_WARN_RANGE_LOOP_ANALYSIS = YES;
				CLANG_WARN_STRICT_PROTOTYPES = YES;
				CLANG_WARN_SUSPICIOUS_MOVE = YES;
				CLANG_WARN_UNGUARDED_AVAILABILITY = YES_AGGRESSIVE;
				CLANG_WARN_UNREACHABLE_CODE = YES;
				CLANG_WARN__DUPLICATE_METHOD_MATCH = YES;
				COPY_PHASE_STRIP = NO;
				DEBUG_INFORMATION_FORMAT = "dwarf-with-dsym";
				ENABLE_NS_ASSERTIONS = NO;
				ENABLE_STRICT_OBJC_MSGSEND = YES;
				GCC_C_LANGUAGE_STANDARD = gnu11;
				GCC_NO_COMMON_BLOCKS = YES;
				GCC_WARN_64_TO_32_BIT_CONVERSION = YES;
				GCC_WARN_ABOUT_RETURN_TYPE = YES_ERROR;
				GCC_WARN_UNDECLARED_SELECTOR = YES;
				GCC_WARN_UNINITIALIZED_AUTOS = YES_AGGRESSIVE;
				GCC_WARN_UNUSED_FUNCTION = YES;
				GCC_WARN_UNUSED_VARIABLE = YES;
				IPHONEOS_DEPLOYMENT_TARGET = 14.1;
				MTL_ENABLE_DEBUG_INFO = NO;
				MTL_FAST_MATH = YES;
				SDKROOT = iphoneos;
				SWIFT_COMPILATION_MODE = wholemodule;
				SWIFT_OPTIMIZATION_LEVEL = "-O";
				VALIDATE_PRODUCT = YES;
			};
			name = Release;
		};
		515213392539B90500458085 /* Debug */ = {
			isa = XCBuildConfiguration;
			buildSettings = {
				ASSETCATALOG_COMPILER_APPICON_NAME = AppIcon;
				ASSETCATALOG_COMPILER_GLOBAL_ACCENT_COLOR_NAME = AccentColor;
				CODE_SIGN_STYLE = Automatic;
				DEVELOPMENT_ASSET_PATHS = "\"VStack Layout Examples/Preview Content\"";
				DEVELOPMENT_TEAM = R77BD8MPA8;
				ENABLE_PREVIEWS = YES;
				INFOPLIST_FILE = "VStack Layout Examples/Info.plist";
				IPHONEOS_DEPLOYMENT_TARGET = 14.0;
				LD_RUNPATH_SEARCH_PATHS = (
					"$(inherited)",
					"@executable_path/Frameworks",
				);
				PRODUCT_BUNDLE_IDENTIFIER = "com.mazharul.huq.VStack-Layout-Examples";
				PRODUCT_NAME = "$(TARGET_NAME)";
				SWIFT_VERSION = 5.0;
				TARGETED_DEVICE_FAMILY = "1,2";
			};
			name = Debug;
		};
		5152133A2539B90500458085 /* Release */ = {
			isa = XCBuildConfiguration;
			buildSettings = {
				ASSETCATALOG_COMPILER_APPICON_NAME = AppIcon;
				ASSETCATALOG_COMPILER_GLOBAL_ACCENT_COLOR_NAME = AccentColor;
				CODE_SIGN_STYLE = Automatic;
				DEVELOPMENT_ASSET_PATHS = "\"VStack Layout Examples/Preview Content\"";
				DEVELOPMENT_TEAM = R77BD8MPA8;
				ENABLE_PREVIEWS = YES;
				INFOPLIST_FILE = "VStack Layout Examples/Info.plist";
				IPHONEOS_DEPLOYMENT_TARGET = 14.0;
				LD_RUNPATH_SEARCH_PATHS = (
					"$(inherited)",
					"@executable_path/Frameworks",
				);
				PRODUCT_BUNDLE_IDENTIFIER = "com.mazharul.huq.VStack-Layout-Examples";
				PRODUCT_NAME = "$(TARGET_NAME)";
				SWIFT_VERSION = 5.0;
				TARGETED_DEVICE_FAMILY = "1,2";
			};
			name = Release;
		};
/* End XCBuildConfiguration section */

/* Begin XCConfigurationList section */
		515213242539B90200458085 /* Build configuration list for PBXProject "VStack Layout Examples" */ = {
			isa = XCConfigurationList;
			buildConfigurations = (
				515213362539B90500458085 /* Debug */,
				515213372539B90500458085 /* Release */,
			);
			defaultConfigurationIsVisible = 0;
			defaultConfigurationName = Release;
		};
		515213382539B90500458085 /* Build configuration list for PBXNativeTarget "VStack Layout Examples" */ = {
			isa = XCConfigurationList;
			buildConfigurations = (
				515213392539B90500458085 /* Debug */,
				5152133A2539B90500458085 /* Release */,
			);
			defaultConfigurationIsVisible = 0;
			defaultConfigurationName = Release;
		};
/* End XCConfigurationList section */
	};
	rootObject = 515213212539B90200458085 /* Project object */;
}
