// !$*UTF8*$!
{
	archiveVersion = 1;
	classes = {
	};
	objectVersion = 50;
	objects = {

/* Begin PBXBuildFile section */
		5130A6C42540861500D1019F /* Explicit_Alignment_ExamplesApp.swift in Sources */ = {isa = PBXBuildFile; fileRef = 5130A6C32540861500D1019F /* Explicit_Alignment_ExamplesApp.swift */; };
		5130A6C62540861500D1019F /* ContentView.swift in Sources */ = {isa = PBXBuildFile; fileRef = 5130A6C52540861500D1019F /* ContentView.swift */; };
		5130A6C82540861800D1019F /* Assets.xcassets in Resources */ = {isa = PBXBuildFile; fileRef = 5130A6C72540861800D1019F /* Assets.xcassets */; };
		5130A6CB2540861800D1019F /* Preview Assets.xcassets in Resources */ = {isa = PBXBuildFile; fileRef = 5130A6CA2540861800D1019F /* Preview Assets.xcassets */; };
		5130A6D42540864000D1019F /* AlignmentGuideView.swift in Sources */ = {isa = PBXBuildFile; fileRef = 5130A6D32540864000D1019F /* AlignmentGuideView.swift */; };
		5130A6D72540865E00D1019F /* MyRectangleView.swift in Sources */ = {isa = PBXBuildFile; fileRef = 5130A6D62540865E00D1019F /* MyRectangleView.swift */; };
		5130A6DA2540CFD800D1019F /* VStackAlignmentView.swift in Sources */ = {isa = PBXBuildFile; fileRef = 5130A6D92540CFD800D1019F /* VStackAlignmentView.swift */; };
		5130A6DD2540D05300D1019F /* HStackAlignmentView.swift in Sources */ = {isa = PBXBuildFile; fileRef = 5130A6DC2540D05300D1019F /* HStackAlignmentView.swift */; };
/* End PBXBuildFile section */

/* Begin PBXFileReference section */
		5130A6C02540861500D1019F /* Explicit Alignment Examples.app */ = {isa = PBXFileReference; explicitFileType = wrapper.application; includeInIndex = 0; path = "Explicit Alignment Examples.app"; sourceTree = BUILT_PRODUCTS_DIR; };
		5130A6C32540861500D1019F /* Explicit_Alignment_ExamplesApp.swift */ = {isa = PBXFileReference; lastKnownFileType = sourcecode.swift; path = Explicit_Alignment_ExamplesApp.swift; sourceTree = "<group>"; };
		5130A6C52540861500D1019F /* ContentView.swift */ = {isa = PBXFileReference; lastKnownFileType = sourcecode.swift; path = ContentView.swift; sourceTree = "<group>"; };
		5130A6C72540861800D1019F /* Assets.xcassets */ = {isa = PBXFileReference; lastKnownFileType = folder.assetcatalog; path = Assets.xcassets; sourceTree = "<group>"; };
		5130A6CA2540861800D1019F /* Preview Assets.xcassets */ = {isa = PBXFileReference; lastKnownFileType = folder.assetcatalog; path = "Preview Assets.xcassets"; sourceTree = "<group>"; };
		5130A6CC2540861800D1019F /* Info.plist */ = {isa = PBXFileReference; lastKnownFileType = text.plist.xml; path = Info.plist; sourceTree = "<group>"; };
		5130A6D32540864000D1019F /* AlignmentGuideView.swift */ = {isa = PBXFileReference; lastKnownFileType = sourcecode.swift; path = AlignmentGuideView.swift; sourceTree = "<group>"; };
		5130A6D62540865E00D1019F /* MyRectangleView.swift */ = {isa = PBXFileReference; lastKnownFileType = sourcecode.swift; path = MyRectangleView.swift; sourceTree = "<group>"; };
		5130A6D92540CFD800D1019F /* VStackAlignmentView.swift */ = {isa = PBXFileReference; lastKnownFileType = sourcecode.swift; path = VStackAlignmentView.swift; sourceTree = "<group>"; };
		5130A6DC2540D05300D1019F /* HStackAlignmentView.swift */ = {isa = PBXFileReference; lastKnownFileType = sourcecode.swift; path = HStackAlignmentView.swift; sourceTree = "<group>"; };
/* End PBXFileReference section */

/* Begin PBXFrameworksBuildPhase section */
		5130A6BD2540861400D1019F /* Frameworks */ = {
			isa = PBXFrameworksBuildPhase;
			buildActionMask = 2147483647;
			files = (
			);
			runOnlyForDeploymentPostprocessing = 0;
		};
/* End PBXFrameworksBuildPhase section */

/* Begin PBXGroup section */
		5130A6B72540861400D1019F = {
			isa = PBXGroup;
			children = (
				5130A6C22540861500D1019F /* Explicit Alignment Examples */,
				5130A6C12540861500D1019F /* Products */,
			);
			sourceTree = "<group>";
		};
		5130A6C12540861500D1019F /* Products */ = {
			isa = PBXGroup;
			children = (
				5130A6C02540861500D1019F /* Explicit Alignment Examples.app */,
			);
			name = Products;
			sourceTree = "<group>";
		};
		5130A6C22540861500D1019F /* Explicit Alignment Examples */ = {
			isa = PBXGroup;
			children = (
				5130A6C32540861500D1019F /* Explicit_Alignment_ExamplesApp.swift */,
				5130A6C52540861500D1019F /* ContentView.swift */,
				5130A6D32540864000D1019F /* AlignmentGuideView.swift */,
				5130A6D92540CFD800D1019F /* VStackAlignmentView.swift */,
				5130A6DC2540D05300D1019F /* HStackAlignmentView.swift */,
				5130A6D62540865E00D1019F /* MyRectangleView.swift */,
				5130A6C72540861800D1019F /* Assets.xcassets */,
				5130A6CC2540861800D1019F /* Info.plist */,
				5130A6C92540861800D1019F /* Preview Content */,
			);
			path = "Explicit Alignment Examples";
			sourceTree = "<group>";
		};
		5130A6C92540861800D1019F /* Preview Content */ = {
			isa = PBXGroup;
			children = (
				5130A6CA2540861800D1019F /* Preview Assets.xcassets */,
			);
			path = "Preview Content";
			sourceTree = "<group>";
		};
/* End PBXGroup section */

/* Begin PBXNativeTarget section */
		5130A6BF2540861400D1019F /* Explicit Alignment Examples */ = {
			isa = PBXNativeTarget;
			buildConfigurationList = 5130A6CF2540861800D1019F /* Build configuration list for PBXNativeTarget "Explicit Alignment Examples" */;
			buildPhases = (
				5130A6BC2540861400D1019F /* Sources */,
				5130A6BD2540861400D1019F /* Frameworks */,
				5130A6BE2540861400D1019F /* Resources */,
			);
			buildRules = (
			);
			dependencies = (
			);
			name = "Explicit Alignment Examples";
			productName = "Explicit Alignment Examples";
			productReference = 5130A6C02540861500D1019F /* Explicit Alignment Examples.app */;
			productType = "com.apple.product-type.application";
		};
/* End PBXNativeTarget section */

/* Begin PBXProject section */
		5130A6B82540861400D1019F /* Project object */ = {
			isa = PBXProject;
			attributes = {
				LastSwiftUpdateCheck = 1210;
				LastUpgradeCheck = 1210;
				TargetAttributes = {
					5130A6BF2540861400D1019F = {
						CreatedOnToolsVersion = 12.1;
					};
				};
			};
			buildConfigurationList = 5130A6BB2540861400D1019F /* Build configuration list for PBXProject "Explicit Alignment Examples" */;
			compatibilityVersion = "Xcode 9.3";
			developmentRegion = en;
			hasScannedForEncodings = 0;
			knownRegions = (
				en,
				Base,
			);
			mainGroup = 5130A6B72540861400D1019F;
			productRefGroup = 5130A6C12540861500D1019F /* Products */;
			projectDirPath = "";
			projectRoot = "";
			targets = (
				5130A6BF2540861400D1019F /* Explicit Alignment Examples */,
			);
		};
/* End PBXProject section */

/* Begin PBXResourcesBuildPhase section */
		5130A6BE2540861400D1019F /* Resources */ = {
			isa = PBXResourcesBuildPhase;
			buildActionMask = 2147483647;
			files = (
				5130A6CB2540861800D1019F /* Preview Assets.xcassets in Resources */,
				5130A6C82540861800D1019F /* Assets.xcassets in Resources */,
			);
			runOnlyForDeploymentPostprocessing = 0;
		};
/* End PBXResourcesBuildPhase section */

/* Begin PBXSourcesBuildPhase section */
		5130A6BC2540861400D1019F /* Sources */ = {
			isa = PBXSourcesBuildPhase;
			buildActionMask = 2147483647;
			files = (
				5130A6DD2540D05300D1019F /* HStackAlignmentView.swift in Sources */,
				5130A6DA2540CFD800D1019F /* VStackAlignmentView.swift in Sources */,
				5130A6C62540861500D1019F /* ContentView.swift in Sources */,
				5130A6D42540864000D1019F /* AlignmentGuideView.swift in Sources */,
				5130A6D72540865E00D1019F /* MyRectangleView.swift in Sources */,
				5130A6C42540861500D1019F /* Explicit_Alignment_ExamplesApp.swift in Sources */,
			);
			runOnlyForDeploymentPostprocessing = 0;
		};
/* End PBXSourcesBuildPhase section */

/* Begin XCBuildConfiguration section */
		5130A6CD2540861800D1019F /* Debug */ = {
			isa = XCBuildConfiguration;
			buildSettings = {
				ALWAYS_SEARCH_USER_PATHS = NO;
				CLANG_ANALYZER_NONNULL = YES;
				CLANG_ANALYZER_NUMBER_OBJECT_CONVERSION = YES_AGGRESSIVE;
				CLANG_CXX_LANGUAGE_STANDARD = "gnu++14";
				CLANG_CXX_LIBRARY = "libc++";
				CLANG_ENABLE_MODULES = YES;
				CLANG_ENABLE_OBJC_ARC = YES;
				CLANG_ENABLE_OBJC_WEAK = YES;
				CLANG_WARN_BLOCK_CAPTURE_AUTORELEASING = YES;
				CLANG_WARN_BOOL_CONVERSION = YES;
				CLANG_WARN_COMMA = YES;
				CLANG_WARN_CONSTANT_CONVERSION = YES;
				CLANG_WARN_DEPRECATED_OBJC_IMPLEMENTATIONS = YES;
				CLANG_WARN_DIRECT_OBJC_ISA_USAGE = YES_ERROR;
				CLANG_WARN_DOCUMENTATION_COMMENTS = YES;
				CLANG_WARN_EMPTY_BODY = YES;
				CLANG_WARN_ENUM_CONVERSION = YES;
				CLANG_WARN_INFINITE_RECURSION = YES;
				CLANG_WARN_INT_CONVERSION = YES;
				CLANG_WARN_NON_LITERAL_NULL_CONVERSION = YES;
				CLANG_WARN_OBJC_IMPLICIT_RETAIN_SELF = YES;
				CLANG_WARN_OBJC_LITERAL_CONVERSION = YES;
				CLANG_WARN_OBJC_ROOT_CLASS = YES_ERROR;
				CLANG_WARN_QUOTED_INCLUDE_IN_FRAMEWORK_HEADER = YES;
				CLANG_WARN_RANGE_LOOP_ANALYSIS = YES;
				CLANG_WARN_STRICT_PROTOTYPES = YES;
				CLANG_WARN_SUSPICIOUS_MOVE = YES;
				CLANG_WARN_UNGUARDED_AVAILABILITY = YES_AGGRESSIVE;
				CLANG_WARN_UNREACHABLE_CODE = YES;
				CLANG_WARN__DUPLICATE_METHOD_MATCH = YES;
				COPY_PHASE_STRIP = NO;
				DEBUG_INFORMATION_FORMAT = dwarf;
				ENABLE_STRICT_OBJC_MSGSEND = YES;
				ENABLE_TESTABILITY = YES;
				GCC_C_LANGUAGE_STANDARD = gnu11;
				GCC_DYNAMIC_NO_PIC = NO;
				GCC_NO_COMMON_BLOCKS = YES;
				GCC_OPTIMIZATION_LEVEL = 0;
				GCC_PREPROCESSOR_DEFINITIONS = (
					"DEBUG=1",
					"$(inherited)",
				);
				GCC_WARN_64_TO_32_BIT_CONVERSION = YES;
				GCC_WARN_ABOUT_RETURN_TYPE = YES_ERROR;
				GCC_WARN_UNDECLARED_SELECTOR = YES;
				GCC_WARN_UNINITIALIZED_AUTOS = YES_AGGRESSIVE;
				GCC_WARN_UNUSED_FUNCTION = YES;
				GCC_WARN_UNUSED_VARIABLE = YES;
				IPHONEOS_DEPLOYMENT_TARGET = 14.1;
				MTL_ENABLE_DEBUG_INFO = INCLUDE_SOURCE;
				MTL_FAST_MATH = YES;
				ONLY_ACTIVE_ARCH = YES;
				SDKROOT = iphoneos;
				SWIFT_ACTIVE_COMPILATION_CONDITIONS = DEBUG;
				SWIFT_OPTIMIZATION_LEVEL = "-Onone";
			};
			name = Debug;
		};
		5130A6CE2540861800D1019F /* Release */ = {
			isa = XCBuildConfiguration;
			buildSettings = {
				ALWAYS_SEARCH_USER_PATHS = NO;
				CLANG_ANALYZER_NONNULL = YES;
				CLANG_ANALYZER_NUMBER_OBJECT_CONVERSION = YES_AGGRESSIVE;
				CLANG_CXX_LANGUAGE_STANDARD = "gnu++14";
				CLANG_CXX_LIBRARY = "libc++";
				CLANG_ENABLE_MODULES = YES;
				CLANG_ENABLE_OBJC_ARC = YES;
				CLANG_ENABLE_OBJC_WEAK = YES;
				CLANG_WARN_BLOCK_CAPTURE_AUTORELEASING = YES;
				CLANG_WARN_BOOL_CONVERSION = YES;
				CLANG_WARN_COMMA = YES;
				CLANG_WARN_CONSTANT_CONVERSION = YES;
				CLANG_WARN_DEPRECATED_OBJC_IMPLEMENTATIONS = YES;
				CLANG_WARN_DIRECT_OBJC_ISA_USAGE = YES_ERROR;
				CLANG_WARN_DOCUMENTATION_COMMENTS = YES;
				CLANG_WARN_EMPTY_BODY = YES;
				CLANG_WARN_ENUM_CONVERSION = YES;
				CLANG_WARN_INFINITE_RECURSION = YES;
				CLANG_WARN_INT_CONVERSION = YES;
				CLANG_WARN_NON_LITERAL_NULL_CONVERSION = YES;
				CLANG_WARN_OBJC_IMPLICIT_RETAIN_SELF = YES;
				CLANG_WARN_OBJC_LITERAL_CONVERSION = YES;
				CLANG_WARN_OBJC_ROOT_CLASS = YES_ERROR;
				CLANG_WARN_QUOTED_INCLUDE_IN_FRAMEWORK_HEADER = YES;
				CLANG_WARN_RANGE_LOOP_ANALYSIS = YES;
				CLANG_WARN_STRICT_PROTOTYPES = YES;
				CLANG_WARN_SUSPICIOUS_MOVE = YES;
				CLANG_WARN_UNGUARDED_AVAILABILITY = YES_AGGRESSIVE;
				CLANG_WARN_UNREACHABLE_CODE = YES;
				CLANG_WARN__DUPLICATE_METHOD_MATCH = YES;
				COPY_PHASE_STRIP = NO;
				DEBUG_INFORMATION_FORMAT = "dwarf-with-dsym";
				ENABLE_NS_ASSERTIONS = NO;
				ENABLE_STRICT_OBJC_MSGSEND = YES;
				GCC_C_LANGUAGE_STANDARD = gnu11;
				GCC_NO_COMMON_BLOCKS = YES;
				GCC_WARN_64_TO_32_BIT_CONVERSION = YES;
				GCC_WARN_ABOUT_RETURN_TYPE = YES_ERROR;
				GCC_WARN_UNDECLARED_SELECTOR = YES;
				GCC_WARN_UNINITIALIZED_AUTOS = YES_AGGRESSIVE;
				GCC_WARN_UNUSED_FUNCTION = YES;
				GCC_WARN_UNUSED_VARIABLE = YES;
				IPHONEOS_DEPLOYMENT_TARGET = 14.1;
				MTL_ENABLE_DEBUG_INFO = NO;
				MTL_FAST_MATH = YES;
				SDKROOT = iphoneos;
				SWIFT_COMPILATION_MODE = wholemodule;
				SWIFT_OPTIMIZATION_LEVEL = "-O";
				VALIDATE_PRODUCT = YES;
			};
			name = Release;
		};
		5130A6D02540861800D1019F /* Debug */ = {
			isa = XCBuildConfiguration;
			buildSettings = {
				ASSETCATALOG_COMPILER_APPICON_NAME = AppIcon;
				ASSETCATALOG_COMPILER_GLOBAL_ACCENT_COLOR_NAME = AccentColor;
				CODE_SIGN_STYLE = Automatic;
				DEVELOPMENT_ASSET_PATHS = "\"Explicit Alignment Examples/Preview Content\"";
				DEVELOPMENT_TEAM = R77BD8MPA8;
				ENABLE_PREVIEWS = YES;
				INFOPLIST_FILE = "Explicit Alignment Examples/Info.plist";
				IPHONEOS_DEPLOYMENT_TARGET = 14.0;
				LD_RUNPATH_SEARCH_PATHS = (
					"$(inherited)",
					"@executable_path/Frameworks",
				);
				PRODUCT_BUNDLE_IDENTIFIER = "com.mazharul.huq.Explicit-Alignment-Examples";
				PRODUCT_NAME = "$(TARGET_NAME)";
				SWIFT_VERSION = 5.0;
				TARGETED_DEVICE_FAMILY = "1,2";
			};
			name = Debug;
		};
		5130A6D12540861800D1019F /* Release */ = {
			isa = XCBuildConfiguration;
			buildSettings = {
				ASSETCATALOG_COMPILER_APPICON_NAME = AppIcon;
				ASSETCATALOG_COMPILER_GLOBAL_ACCENT_COLOR_NAME = AccentColor;
				CODE_SIGN_STYLE = Automatic;
				DEVELOPMENT_ASSET_PATHS = "\"Explicit Alignment Examples/Preview Content\"";
				DEVELOPMENT_TEAM = R77BD8MPA8;
				ENABLE_PREVIEWS = YES;
				INFOPLIST_FILE = "Explicit Alignment Examples/Info.plist";
				IPHONEOS_DEPLOYMENT_TARGET = 14.0;
				LD_RUNPATH_SEARCH_PATHS = (
					"$(inherited)",
					"@executable_path/Frameworks",
				);
				PRODUCT_BUNDLE_IDENTIFIER = "com.mazharul.huq.Explicit-Alignment-Examples";
				PRODUCT_NAME = "$(TARGET_NAME)";
				SWIFT_VERSION = 5.0;
				TARGETED_DEVICE_FAMILY = "1,2";
			};
			name = Release;
		};
/* End XCBuildConfiguration section */

/* Begin XCConfigurationList section */
		5130A6BB2540861400D1019F /* Build configuration list for PBXProject "Explicit Alignment Examples" */ = {
			isa = XCConfigurationList;
			buildConfigurations = (
				5130A6CD2540861800D1019F /* Debug */,
				5130A6CE2540861800D1019F /* Release */,
			);
			defaultConfigurationIsVisible = 0;
			defaultConfigurationName = Release;
		};
		5130A6CF2540861800D1019F /* Build configuration list for PBXNativeTarget "Explicit Alignment Examples" */ = {
			isa = XCConfigurationList;
			buildConfigurations = (
				5130A6D02540861800D1019F /* Debug */,
				5130A6D12540861800D1019F /* Release */,
			);
			defaultConfigurationIsVisible = 0;
			defaultConfigurationName = Release;
		};
/* End XCConfigurationList section */
	};
	rootObject = 5130A6B82540861400D1019F /* Project object */;
}
